
Microsoft Visual Studio Solution File, Format Version 12.00
# Visual Studio 15
VisualStudioVersion = 15.0.27428.2037
MinimumVisualStudioVersion = 10.0.40219.1
Project("{FAE04EC0-301F-11D3-BF4B-00C04F79EFBC}") = "WebApplication1", "WebApplication1\WebApplication1.csproj", "{05684597-0289-42C6-BF33-8B5FE4BE208B}"
EndProject
Project("{2150E333-8FDC-42A3-9474-1A3956D46DE8}") = "Solution Items", "Solution Items", "{1A56F7CE-E3C7-4ECE-811D-C94343683DC8}"
	ProjectSection(SolutionItems) = preProject
		esempio.html = esempio.html
	EndProjectSection
EndProject
Global
	GlobalSection(SolutionConfigurationPlatforms) = preSolution
		Debug|Any CPU = Debug|Any CPU
		Release|Any CPU = Release|Any CPU
	EndGlobalSection
	GlobalSection(ProjectConfigurationPlatforms) = postSolution
		{05684597-0289-42C6-BF33-8B5FE4BE208B}.Debug|Any CPU.ActiveCfg = Debug|Any CPU
		{05684597-0289-42C6-BF33-8B5FE4BE208B}.Debug|Any CPU.Build.0 = Debug|Any CPU
		{05684597-0289-42C6-BF33-8B5FE4BE208B}.Release|Any CPU.ActiveCfg = Release|Any CPU
		{05684597-0289-42C6-BF33-8B5FE4BE208B}.Release|Any CPU.Build.0 = Release|Any CPU
	EndGlobalSection
	GlobalSection(SolutionProperties) = preSolution
		HideSolutionNode = FALSE
	EndGlobalSection
	GlobalSection(ExtensibilityGlobals) = postSolution
		SolutionGuid = {7134342B-08B2-44E0-9050-4E2A99A2922F}
	EndGlobalSection
EndGlobal
